
Microsoft Visual Studio Solution File, Format Version 12.00
# Visual Studio Version 16
VisualStudioVersion = 16.0.31424.327
MinimumVisualStudioVersion = 10.0.40219.1
Project("{FAE04EC0-301F-11D3-BF4B-00C04F79EFBC}") = "ASP_IServiceCollection_MapWhen", "ASP_IServiceCollection_MapWhen.csproj", "{7A5D72BF-D806-4332-9F06-13D2FBBDEF30}"
EndProject
Global
	GlobalSection(SolutionConfigurationPlatforms) = preSolution
		Debug|Any CPU = Debug|Any CPU
		Release|Any CPU = Release|Any CPU
	EndGlobalSection
	GlobalSection(ProjectConfigurationPlatforms) = postSolution
		{7A5D72BF-D806-4332-9F06-13D2FBBDEF30}.Debug|Any CPU.ActiveCfg = Debug|Any CPU
		{7A5D72BF-D806-4332-9F06-13D2FBBDEF30}.Debug|Any CPU.Build.0 = Debug|Any CPU
		{7A5D72BF-D806-4332-9F06-13D2FBBDEF30}.Release|Any CPU.ActiveCfg = Release|Any CPU
		{7A5D72BF-D806-4332-9F06-13D2FBBDEF30}.Release|Any CPU.Build.0 = Release|Any CPU
	EndGlobalSection
	GlobalSection(SolutionProperties) = preSolution
		HideSolutionNode = FALSE
	EndGlobalSection
	GlobalSection(ExtensibilityGlobals) = postSolution
		SolutionGuid = {7531E059-8A96-4EAB-AD89-65EAB093258C}
	EndGlobalSection
EndGlobal
