
Microsoft Visual Studio Solution File, Format Version 12.00
# Visual Studio Version 16
VisualStudioVersion = 16.0.30621.155
MinimumVisualStudioVersion = 10.0.40219.1
Project("{FAE04EC0-301F-11D3-BF4B-00C04F79EFBC}") = "Virtual_Abstract_Interface", "Virtual_Abstract_Interface.csproj", "{52FD6F0B-3E95-45DB-9EF9-BEC9E71C76B0}"
EndProject
Global
	GlobalSection(SolutionConfigurationPlatforms) = preSolution
		Debug|Any CPU = Debug|Any CPU
		Release|Any CPU = Release|Any CPU
	EndGlobalSection
	GlobalSection(ProjectConfigurationPlatforms) = postSolution
		{52FD6F0B-3E95-45DB-9EF9-BEC9E71C76B0}.Debug|Any CPU.ActiveCfg = Debug|Any CPU
		{52FD6F0B-3E95-45DB-9EF9-BEC9E71C76B0}.Debug|Any CPU.Build.0 = Debug|Any CPU
		{52FD6F0B-3E95-45DB-9EF9-BEC9E71C76B0}.Release|Any CPU.ActiveCfg = Release|Any CPU
		{52FD6F0B-3E95-45DB-9EF9-BEC9E71C76B0}.Release|Any CPU.Build.0 = Release|Any CPU
	EndGlobalSection
	GlobalSection(SolutionProperties) = preSolution
		HideSolutionNode = FALSE
	EndGlobalSection
	GlobalSection(ExtensibilityGlobals) = postSolution
		SolutionGuid = {C2AEDA10-BCE2-48FE-AE5E-B56802A7B97F}
	EndGlobalSection
EndGlobal
