
Microsoft Visual Studio Solution File, Format Version 12.00
# Visual Studio Version 16
VisualStudioVersion = 16.0.31424.327
MinimumVisualStudioVersion = 10.0.40219.1
Project("{FAE04EC0-301F-11D3-BF4B-00C04F79EFBC}") = "ASP_Razor_Partial", "ASP_Razor_Partial.csproj", "{0FA30C33-2F16-43C5-A872-B6E8229D4551}"
EndProject
Global
	GlobalSection(SolutionConfigurationPlatforms) = preSolution
		Debug|Any CPU = Debug|Any CPU
		Release|Any CPU = Release|Any CPU
	EndGlobalSection
	GlobalSection(ProjectConfigurationPlatforms) = postSolution
		{0FA30C33-2F16-43C5-A872-B6E8229D4551}.Debug|Any CPU.ActiveCfg = Debug|Any CPU
		{0FA30C33-2F16-43C5-A872-B6E8229D4551}.Debug|Any CPU.Build.0 = Debug|Any CPU
		{0FA30C33-2F16-43C5-A872-B6E8229D4551}.Release|Any CPU.ActiveCfg = Release|Any CPU
		{0FA30C33-2F16-43C5-A872-B6E8229D4551}.Release|Any CPU.Build.0 = Release|Any CPU
	EndGlobalSection
	GlobalSection(SolutionProperties) = preSolution
		HideSolutionNode = FALSE
	EndGlobalSection
	GlobalSection(ExtensibilityGlobals) = postSolution
		SolutionGuid = {000B4E5F-0C6D-4046-B434-FFF9C67DCC38}
	EndGlobalSection
EndGlobal
