
Microsoft Visual Studio Solution File, Format Version 12.00
# Visual Studio Version 16
VisualStudioVersion = 16.0.30621.155
MinimumVisualStudioVersion = 10.0.40219.1
Project("{FAE04EC0-301F-11D3-BF4B-00C04F79EFBC}") = "EntityFramework", "EntityFramework.csproj", "{D59488B6-471C-4F6F-994D-A4D03FA3CADD}"
EndProject
Global
	GlobalSection(SolutionConfigurationPlatforms) = preSolution
		Debug|Any CPU = Debug|Any CPU
		Release|Any CPU = Release|Any CPU
	EndGlobalSection
	GlobalSection(ProjectConfigurationPlatforms) = postSolution
		{D59488B6-471C-4F6F-994D-A4D03FA3CADD}.Debug|Any CPU.ActiveCfg = Debug|Any CPU
		{D59488B6-471C-4F6F-994D-A4D03FA3CADD}.Debug|Any CPU.Build.0 = Debug|Any CPU
		{D59488B6-471C-4F6F-994D-A4D03FA3CADD}.Release|Any CPU.ActiveCfg = Release|Any CPU
		{D59488B6-471C-4F6F-994D-A4D03FA3CADD}.Release|Any CPU.Build.0 = Release|Any CPU
	EndGlobalSection
	GlobalSection(SolutionProperties) = preSolution
		HideSolutionNode = FALSE
	EndGlobalSection
	GlobalSection(ExtensibilityGlobals) = postSolution
		SolutionGuid = {12514AA5-86B5-4DD2-9EEE-11990C9F7C50}
	EndGlobalSection
EndGlobal
