
Microsoft Visual Studio Solution File, Format Version 12.00
# Visual Studio Version 16
VisualStudioVersion = 16.0.31424.327
MinimumVisualStudioVersion = 10.0.40219.1
Project("{FAE04EC0-301F-11D3-BF4B-00C04F79EFBC}") = "ASP_Razor_EntityFramework", "ASP_Razor_EntityFramework.csproj", "{4C98A20D-CC45-4CF3-8CB0-0A2519D7B68D}"
EndProject
Global
	GlobalSection(SolutionConfigurationPlatforms) = preSolution
		Debug|Any CPU = Debug|Any CPU
		Release|Any CPU = Release|Any CPU
	EndGlobalSection
	GlobalSection(ProjectConfigurationPlatforms) = postSolution
		{4C98A20D-CC45-4CF3-8CB0-0A2519D7B68D}.Debug|Any CPU.ActiveCfg = Debug|Any CPU
		{4C98A20D-CC45-4CF3-8CB0-0A2519D7B68D}.Debug|Any CPU.Build.0 = Debug|Any CPU
		{4C98A20D-CC45-4CF3-8CB0-0A2519D7B68D}.Release|Any CPU.ActiveCfg = Release|Any CPU
		{4C98A20D-CC45-4CF3-8CB0-0A2519D7B68D}.Release|Any CPU.Build.0 = Release|Any CPU
	EndGlobalSection
	GlobalSection(SolutionProperties) = preSolution
		HideSolutionNode = FALSE
	EndGlobalSection
	GlobalSection(ExtensibilityGlobals) = postSolution
		SolutionGuid = {4E2C4C07-C3EC-4C35-9A85-00D76F766590}
	EndGlobalSection
EndGlobal
