
Microsoft Visual Studio Solution File, Format Version 12.00
# Visual Studio Version 16
VisualStudioVersion = 16.0.30621.155
MinimumVisualStudioVersion = 10.0.40219.1
Project("{FAE04EC0-301F-11D3-BF4B-00C04F79EFBC}") = "Uri_Dns_Ping", "Uri_Dns_Ping.csproj", "{26A44F3D-5741-47A4-A236-7AD88414E806}"
EndProject
Global
	GlobalSection(SolutionConfigurationPlatforms) = preSolution
		Debug|Any CPU = Debug|Any CPU
		Release|Any CPU = Release|Any CPU
	EndGlobalSection
	GlobalSection(ProjectConfigurationPlatforms) = postSolution
		{26A44F3D-5741-47A4-A236-7AD88414E806}.Debug|Any CPU.ActiveCfg = Debug|Any CPU
		{26A44F3D-5741-47A4-A236-7AD88414E806}.Debug|Any CPU.Build.0 = Debug|Any CPU
		{26A44F3D-5741-47A4-A236-7AD88414E806}.Release|Any CPU.ActiveCfg = Release|Any CPU
		{26A44F3D-5741-47A4-A236-7AD88414E806}.Release|Any CPU.Build.0 = Release|Any CPU
	EndGlobalSection
	GlobalSection(SolutionProperties) = preSolution
		HideSolutionNode = FALSE
	EndGlobalSection
	GlobalSection(ExtensibilityGlobals) = postSolution
		SolutionGuid = {A6F3AB05-D1A8-4004-B24F-66A174AAB410}
	EndGlobalSection
EndGlobal
