
Microsoft Visual Studio Solution File, Format Version 12.00
# Visual Studio Version 16
VisualStudioVersion = 16.0.30621.155
MinimumVisualStudioVersion = 10.0.40219.1
Project("{FAE04EC0-301F-11D3-BF4B-00C04F79EFBC}") = "Generic", "Generic.csproj", "{B346C0D1-8503-4658-A52C-0730DC83D696}"
EndProject
Global
	GlobalSection(SolutionConfigurationPlatforms) = preSolution
		Debug|Any CPU = Debug|Any CPU
		Release|Any CPU = Release|Any CPU
	EndGlobalSection
	GlobalSection(ProjectConfigurationPlatforms) = postSolution
		{B346C0D1-8503-4658-A52C-0730DC83D696}.Debug|Any CPU.ActiveCfg = Debug|Any CPU
		{B346C0D1-8503-4658-A52C-0730DC83D696}.Debug|Any CPU.Build.0 = Debug|Any CPU
		{B346C0D1-8503-4658-A52C-0730DC83D696}.Release|Any CPU.ActiveCfg = Release|Any CPU
		{B346C0D1-8503-4658-A52C-0730DC83D696}.Release|Any CPU.Build.0 = Release|Any CPU
	EndGlobalSection
	GlobalSection(SolutionProperties) = preSolution
		HideSolutionNode = FALSE
	EndGlobalSection
	GlobalSection(ExtensibilityGlobals) = postSolution
		SolutionGuid = {080613E6-C06D-4193-9F20-DD4FC8EFC4CD}
	EndGlobalSection
EndGlobal
