
Microsoft Visual Studio Solution File, Format Version 12.00
# Visual Studio Version 16
VisualStudioVersion = 16.0.30621.155
MinimumVisualStudioVersion = 10.0.40219.1
Project("{FAE04EC0-301F-11D3-BF4B-00C04F79EFBC}") = "HttpClientHandler", "HttpClientHandler.csproj", "{6CC57D79-2462-4CDC-BD33-344F16C88E2C}"
EndProject
Global
	GlobalSection(SolutionConfigurationPlatforms) = preSolution
		Debug|Any CPU = Debug|Any CPU
		Release|Any CPU = Release|Any CPU
	EndGlobalSection
	GlobalSection(ProjectConfigurationPlatforms) = postSolution
		{6CC57D79-2462-4CDC-BD33-344F16C88E2C}.Debug|Any CPU.ActiveCfg = Debug|Any CPU
		{6CC57D79-2462-4CDC-BD33-344F16C88E2C}.Debug|Any CPU.Build.0 = Debug|Any CPU
		{6CC57D79-2462-4CDC-BD33-344F16C88E2C}.Release|Any CPU.ActiveCfg = Release|Any CPU
		{6CC57D79-2462-4CDC-BD33-344F16C88E2C}.Release|Any CPU.Build.0 = Release|Any CPU
	EndGlobalSection
	GlobalSection(SolutionProperties) = preSolution
		HideSolutionNode = FALSE
	EndGlobalSection
	GlobalSection(ExtensibilityGlobals) = postSolution
		SolutionGuid = {0E885542-FA36-4A2B-A613-9989F0A9E87C}
	EndGlobalSection
EndGlobal
